
Microsoft Visual Studio Solution File, Format Version 12.00
# Visual Studio 15
VisualStudioVersion = 15.0.27703.2026
MinimumVisualStudioVersion = 10.0.40219.1
Project("{FAE04EC0-301F-11D3-BF4B-00C04F79EFBC}") = "Console Encyptor-Decryptor", "Xor\Console Encyptor-Decryptor.csproj", "{FADAD632-C702-4766-895C-E7DB6639AEC2}"
EndProject
Global
	GlobalSection(SolutionConfigurationPlatforms) = preSolution
		Debug|Any CPU = Debug|Any CPU
		Release|Any CPU = Release|Any CPU
	EndGlobalSection
	GlobalSection(ProjectConfigurationPlatforms) = postSolution
		{FADAD632-C702-4766-895C-E7DB6639AEC2}.Debug|Any CPU.ActiveCfg = Debug|Any CPU
		{FADAD632-C702-4766-895C-E7DB6639AEC2}.Debug|Any CPU.Build.0 = Debug|Any CPU
		{FADAD632-C702-4766-895C-E7DB6639AEC2}.Release|Any CPU.ActiveCfg = Release|Any CPU
		{FADAD632-C702-4766-895C-E7DB6639AEC2}.Release|Any CPU.Build.0 = Release|Any CPU
	EndGlobalSection
	GlobalSection(SolutionProperties) = preSolution
		HideSolutionNode = FALSE
	EndGlobalSection
	GlobalSection(ExtensibilityGlobals) = postSolution
		SolutionGuid = {A90E7557-1FEE-44C3-ACCD-4EA87C59D450}
	EndGlobalSection
EndGlobal
